
Microsoft Visual Studio Solution File, Format Version 12.00
# Visual Studio 14
VisualStudioVersion = 14.0.24720.0
MinimumVisualStudioVersion = 10.0.40219.1
Project("{8BB2217D-0F2D-49D1-97BC-3654ED321F3B}") = "Blackboard.Registry", "Blackboard.Registry\Blackboard.Registry.xproj", "{51857D6B-A5A6-4F47-804C-EEB2D326383E}"
EndProject
Project("{8BB2217D-0F2D-49D1-97BC-3654ED321F3B}") = "Blackboard.Shared", "Blackboard.Shared\Blackboard.Shared.xproj", "{CF9938B0-F4FA-496E-BA96-0867E6668240}"
EndProject
Project("{8BB2217D-0F2D-49D1-97BC-3654ED321F3B}") = "Blackboard", "Blackboard\Blackboard.xproj", "{904B23F4-3190-4D5D-A084-9497D4489BC8}"
EndProject
Global
	GlobalSection(SolutionConfigurationPlatforms) = preSolution
		Debug|Any CPU = Debug|Any CPU
		Release|Any CPU = Release|Any CPU
	EndGlobalSection
	GlobalSection(ProjectConfigurationPlatforms) = postSolution
		{51857D6B-A5A6-4F47-804C-EEB2D326383E}.Debug|Any CPU.ActiveCfg = Debug|Any CPU
		{51857D6B-A5A6-4F47-804C-EEB2D326383E}.Debug|Any CPU.Build.0 = Debug|Any CPU
		{51857D6B-A5A6-4F47-804C-EEB2D326383E}.Release|Any CPU.ActiveCfg = Release|Any CPU
		{51857D6B-A5A6-4F47-804C-EEB2D326383E}.Release|Any CPU.Build.0 = Release|Any CPU
		{CF9938B0-F4FA-496E-BA96-0867E6668240}.Debug|Any CPU.ActiveCfg = Debug|Any CPU
		{CF9938B0-F4FA-496E-BA96-0867E6668240}.Debug|Any CPU.Build.0 = Debug|Any CPU
		{CF9938B0-F4FA-496E-BA96-0867E6668240}.Release|Any CPU.ActiveCfg = Release|Any CPU
		{CF9938B0-F4FA-496E-BA96-0867E6668240}.Release|Any CPU.Build.0 = Release|Any CPU
		{904B23F4-3190-4D5D-A084-9497D4489BC8}.Debug|Any CPU.ActiveCfg = Debug|Any CPU
		{904B23F4-3190-4D5D-A084-9497D4489BC8}.Debug|Any CPU.Build.0 = Debug|Any CPU
		{904B23F4-3190-4D5D-A084-9497D4489BC8}.Release|Any CPU.ActiveCfg = Release|Any CPU
		{904B23F4-3190-4D5D-A084-9497D4489BC8}.Release|Any CPU.Build.0 = Release|Any CPU
	EndGlobalSection
	GlobalSection(SolutionProperties) = preSolution
		HideSolutionNode = FALSE
	EndGlobalSection
EndGlobal
